<Solution>
  <Folder Name="/src/">
    <Project Path="src/DotNetAgentHarness.Evals/DotNetAgentHarness.Evals.csproj" />
    <Project Path="src/DotNetAgentHarness.Tools/DotNetAgentHarness.Tools.csproj" />
  </Folder>
  <Folder Name="/tests/">
    <Project Path="tests/DotNetAgentHarness.Evals.Tests/DotNetAgentHarness.Evals.Tests.csproj" />
    <Project Path="tests/DotNetAgentHarness.Tools.Tests/DotNetAgentHarness.Tools.Tests.csproj" />
  </Folder>
</Solution>
